
Microsoft Visual Studio Solution File, Format Version 12.00
# Visual Studio Version 16
VisualStudioVersion = 16.0.31702.278
MinimumVisualStudioVersion = 10.0.40219.1
Project("{FAE04EC0-301F-11D3-BF4B-00C04F79EFBC}") = "BankLoginWarmup", "BankLoginWarmup\BankLoginWarmup.csproj", "{DC914098-7340-486A-B1AC-7C4B9D921576}"
EndProject
Global
	GlobalSection(SolutionConfigurationPlatforms) = preSolution
		Debug|Any CPU = Debug|Any CPU
		Release|Any CPU = Release|Any CPU
	EndGlobalSection
	GlobalSection(ProjectConfigurationPlatforms) = postSolution
		{DC914098-7340-486A-B1AC-7C4B9D921576}.Debug|Any CPU.ActiveCfg = Debug|Any CPU
		{DC914098-7340-486A-B1AC-7C4B9D921576}.Debug|Any CPU.Build.0 = Debug|Any CPU
		{DC914098-7340-486A-B1AC-7C4B9D921576}.Release|Any CPU.ActiveCfg = Release|Any CPU
		{DC914098-7340-486A-B1AC-7C4B9D921576}.Release|Any CPU.Build.0 = Release|Any CPU
	EndGlobalSection
	GlobalSection(SolutionProperties) = preSolution
		HideSolutionNode = FALSE
	EndGlobalSection
	GlobalSection(ExtensibilityGlobals) = postSolution
		SolutionGuid = {87A9AA03-16CA-4655-82F7-898EE8067B9F}
	EndGlobalSection
EndGlobal
